{
  "object": {
    "pins": [
      {
        "package": "CoinGecko",
        "repositoryURL": "https://github.com/breadwallet/CoinGecko.git",
        "state": {
          "branch": null,
          "revision": "39c4f77def7f617674f9b915b414ec7b71fb2fa7",
          "version": "1.0.3"
        }
      }
    ]
  },
  "version": 1
}
